
Microsoft Visual Studio Solution File, Format Version 12.00
# Visual Studio Version 17
VisualStudioVersion = 17.0.31903.59
MinimumVisualStudioVersion = 10.0.40219.1
Project("{FAE04EC0-301F-11D3-BF4B-00C04F79EFBC}") = "API", "API\API.csproj", "{D81422EA-6378-419C-87DD-67EF73EE4B8E}"
EndProject
Project("{FAE04EC0-301F-11D3-BF4B-00C04F79EFBC}") = "Application", "Application\Application.csproj", "{4C038545-DA0D-4867-AE0E-262B41389569}"
EndProject
Project("{FAE04EC0-301F-11D3-BF4B-00C04F79EFBC}") = "Persistence", "Persistence\Persistence.csproj", "{0BD59C38-84B3-4311-8E3B-07321AC1AD9F}"
EndProject
Project("{FAE04EC0-301F-11D3-BF4B-00C04F79EFBC}") = "Domain", "Domain\Domain.csproj", "{EF34B264-F76B-4F2F-836A-ED9F7A9B3576}"
EndProject
Project("{FAE04EC0-301F-11D3-BF4B-00C04F79EFBC}") = "Infrastructure", "Infrastructure\Infrastructure.csproj", "{D229B363-62D1-452D-BF9F-A2A260563A4E}"
EndProject
Global
	GlobalSection(SolutionConfigurationPlatforms) = preSolution
		Debug|Any CPU = Debug|Any CPU
		Release|Any CPU = Release|Any CPU
	EndGlobalSection
	GlobalSection(SolutionProperties) = preSolution
		HideSolutionNode = FALSE
	EndGlobalSection
	GlobalSection(ProjectConfigurationPlatforms) = postSolution
		{D81422EA-6378-419C-87DD-67EF73EE4B8E}.Debug|Any CPU.ActiveCfg = Debug|Any CPU
		{D81422EA-6378-419C-87DD-67EF73EE4B8E}.Debug|Any CPU.Build.0 = Debug|Any CPU
		{D81422EA-6378-419C-87DD-67EF73EE4B8E}.Release|Any CPU.ActiveCfg = Release|Any CPU
		{D81422EA-6378-419C-87DD-67EF73EE4B8E}.Release|Any CPU.Build.0 = Release|Any CPU
		{4C038545-DA0D-4867-AE0E-262B41389569}.Debug|Any CPU.ActiveCfg = Debug|Any CPU
		{4C038545-DA0D-4867-AE0E-262B41389569}.Debug|Any CPU.Build.0 = Debug|Any CPU
		{4C038545-DA0D-4867-AE0E-262B41389569}.Release|Any CPU.ActiveCfg = Release|Any CPU
		{4C038545-DA0D-4867-AE0E-262B41389569}.Release|Any CPU.Build.0 = Release|Any CPU
		{0BD59C38-84B3-4311-8E3B-07321AC1AD9F}.Debug|Any CPU.ActiveCfg = Debug|Any CPU
		{0BD59C38-84B3-4311-8E3B-07321AC1AD9F}.Debug|Any CPU.Build.0 = Debug|Any CPU
		{0BD59C38-84B3-4311-8E3B-07321AC1AD9F}.Release|Any CPU.ActiveCfg = Release|Any CPU
		{0BD59C38-84B3-4311-8E3B-07321AC1AD9F}.Release|Any CPU.Build.0 = Release|Any CPU
		{EF34B264-F76B-4F2F-836A-ED9F7A9B3576}.Debug|Any CPU.ActiveCfg = Debug|Any CPU
		{EF34B264-F76B-4F2F-836A-ED9F7A9B3576}.Debug|Any CPU.Build.0 = Debug|Any CPU
		{EF34B264-F76B-4F2F-836A-ED9F7A9B3576}.Release|Any CPU.ActiveCfg = Release|Any CPU
		{EF34B264-F76B-4F2F-836A-ED9F7A9B3576}.Release|Any CPU.Build.0 = Release|Any CPU
		{D229B363-62D1-452D-BF9F-A2A260563A4E}.Debug|Any CPU.ActiveCfg = Debug|Any CPU
		{D229B363-62D1-452D-BF9F-A2A260563A4E}.Debug|Any CPU.Build.0 = Debug|Any CPU
		{D229B363-62D1-452D-BF9F-A2A260563A4E}.Release|Any CPU.ActiveCfg = Release|Any CPU
		{D229B363-62D1-452D-BF9F-A2A260563A4E}.Release|Any CPU.Build.0 = Release|Any CPU
	EndGlobalSection
EndGlobal
